
Microsoft Visual Studio Solution File, Format Version 12.00
# Visual Studio 15
Project("{FAE04EC0-301F-11D3-BF4B-00C04F79EFBC}") = "Assembly-CSharp", "Assembly-CSharp.csproj", "{12BE3437-19D8-F340-3AEC-5A52637B7204}"
EndProject
Project("{FAE04EC0-301F-11D3-BF4B-00C04F79EFBC}") = "Assembly-CSharp-Editor", "Assembly-CSharp-Editor.csproj", "{CCE6E36C-65EE-3EB7-147F-A104873F3B10}"
EndProject
Global
	GlobalSection(SolutionConfigurationPlatforms) = preSolution
		Debug|Any CPU = Debug|Any CPU
		Release|Any CPU = Release|Any CPU
	EndGlobalSection
	GlobalSection(ProjectConfigurationPlatforms) = postSolution
		{12BE3437-19D8-F340-3AEC-5A52637B7204}.Debug|Any CPU.ActiveCfg = Debug|Any CPU
		{12BE3437-19D8-F340-3AEC-5A52637B7204}.Debug|Any CPU.Build.0 = Debug|Any CPU
		{12BE3437-19D8-F340-3AEC-5A52637B7204}.Release|Any CPU.ActiveCfg = Release|Any CPU
		{12BE3437-19D8-F340-3AEC-5A52637B7204}.Release|Any CPU.Build.0 = Release|Any CPU
		{CCE6E36C-65EE-3EB7-147F-A104873F3B10}.Debug|Any CPU.ActiveCfg = Debug|Any CPU
		{CCE6E36C-65EE-3EB7-147F-A104873F3B10}.Debug|Any CPU.Build.0 = Debug|Any CPU
		{CCE6E36C-65EE-3EB7-147F-A104873F3B10}.Release|Any CPU.ActiveCfg = Release|Any CPU
		{CCE6E36C-65EE-3EB7-147F-A104873F3B10}.Release|Any CPU.Build.0 = Release|Any CPU
	EndGlobalSection
	GlobalSection(SolutionProperties) = preSolution
		HideSolutionNode = FALSE
	EndGlobalSection
EndGlobal
