
Microsoft Visual Studio Solution File, Format Version 12.00
# Visual Studio 15
Project("{FAE04EC0-301F-11D3-BF4B-00C04F79EFBC}") = "Assembly-CSharp", "Assembly-CSharp.csproj", "{9F6EC8E3-4B2F-49BD-E4D2-2D710CA2B9C4}"
EndProject
Project("{FAE04EC0-301F-11D3-BF4B-00C04F79EFBC}") = "Assembly-CSharp-Editor", "Assembly-CSharp-Editor.csproj", "{33273B40-870D-58CA-F15B-A7CC05A77942}"
EndProject
Global
	GlobalSection(SolutionConfigurationPlatforms) = preSolution
		Debug|Any CPU = Debug|Any CPU
		Release|Any CPU = Release|Any CPU
	EndGlobalSection
	GlobalSection(ProjectConfigurationPlatforms) = postSolution
		{9F6EC8E3-4B2F-49BD-E4D2-2D710CA2B9C4}.Debug|Any CPU.ActiveCfg = Debug|Any CPU
		{9F6EC8E3-4B2F-49BD-E4D2-2D710CA2B9C4}.Debug|Any CPU.Build.0 = Debug|Any CPU
		{9F6EC8E3-4B2F-49BD-E4D2-2D710CA2B9C4}.Release|Any CPU.ActiveCfg = Release|Any CPU
		{9F6EC8E3-4B2F-49BD-E4D2-2D710CA2B9C4}.Release|Any CPU.Build.0 = Release|Any CPU
		{33273B40-870D-58CA-F15B-A7CC05A77942}.Debug|Any CPU.ActiveCfg = Debug|Any CPU
		{33273B40-870D-58CA-F15B-A7CC05A77942}.Debug|Any CPU.Build.0 = Debug|Any CPU
		{33273B40-870D-58CA-F15B-A7CC05A77942}.Release|Any CPU.ActiveCfg = Release|Any CPU
		{33273B40-870D-58CA-F15B-A7CC05A77942}.Release|Any CPU.Build.0 = Release|Any CPU
	EndGlobalSection
	GlobalSection(SolutionProperties) = preSolution
		HideSolutionNode = FALSE
	EndGlobalSection
EndGlobal
